{"is_source_file": true, "file_id": 2, "git_revision": "", "state": 1, "description": "", "external_files": [], "external_methods": [], "published": [], "classes": [], "methods": [], "calls": [], "search-terms": [], "hash": "b7eea264a73aebd06432ef6588eb3d52", "format-version": 4, "code-base-name": "default", "filename": "noteease_frontend/post_process_status.lock", "knowledge_revision": 2}